
Microsoft Visual Studio Solution File, Format Version 12.00
# Visual Studio Version 17
VisualStudioVersion = 17.3.32929.385
MinimumVisualStudioVersion = 10.0.40219.1
Project("{9A19103F-16F7-4668-BE54-9A1E7A4F7556}") = "ToolBuyerForEtsy", "ToolBuyerForEtsy.csproj", "{AFDBB288-0BB6-4E7D-893E-D77CBFD51021}"
EndProject
Global
	GlobalSection(SolutionConfigurationPlatforms) = preSolution
		Debug|Any CPU = Debug|Any CPU
		Release|Any CPU = Release|Any CPU
	EndGlobalSection
	GlobalSection(ProjectConfigurationPlatforms) = postSolution
		{AFDBB288-0BB6-4E7D-893E-D77CBFD51021}.Debug|Any CPU.ActiveCfg = Debug|Any CPU
		{AFDBB288-0BB6-4E7D-893E-D77CBFD51021}.Debug|Any CPU.Build.0 = Debug|Any CPU
		{AFDBB288-0BB6-4E7D-893E-D77CBFD51021}.Release|Any CPU.ActiveCfg = Release|Any CPU
		{AFDBB288-0BB6-4E7D-893E-D77CBFD51021}.Release|Any CPU.Build.0 = Release|Any CPU
	EndGlobalSection
	GlobalSection(SolutionProperties) = preSolution
		HideSolutionNode = FALSE
	EndGlobalSection
	GlobalSection(ExtensibilityGlobals) = postSolution
		SolutionGuid = {CC637016-3425-43B3-924A-8A8B96FE752B}
	EndGlobalSection
EndGlobal
